
Microsoft Visual Studio Solution File, Format Version 12.00
# Visual Studio Version 17
VisualStudioVersion = 17.4.33103.184
MinimumVisualStudioVersion = 10.0.40219.1
Project("{9A19103F-16F7-4668-BE54-9A1E7A4F7556}") = "BulkyBookWeb", "BulkyBookWeb\BulkyBookWeb.csproj", "{EC8935D1-3159-4A10-95BF-9B0906248DEF}"
EndProject
Project("{9A19103F-16F7-4668-BE54-9A1E7A4F7556}") = "BulkyBook.DataAccess", "BulkyBook.DataAccess\BulkyBook.DataAccess.csproj", "{AA5D5BF1-059A-4504-9BF0-64F9F157D4DB}"
EndProject
Project("{9A19103F-16F7-4668-BE54-9A1E7A4F7556}") = "BulkyBook.Models", "BulkyBook.Models\BulkyBook.Models.csproj", "{A7BBFF0D-4891-4EEA-93A8-80071640B42A}"
EndProject
Project("{9A19103F-16F7-4668-BE54-9A1E7A4F7556}") = "BulkyBook.Utility", "BulkyBook.Utility\BulkyBook.Utility.csproj", "{0E248CC0-EF11-473D-BEBD-BF8AC7E92F27}"
EndProject
Global
	GlobalSection(SolutionConfigurationPlatforms) = preSolution
		Debug|Any CPU = Debug|Any CPU
		Release|Any CPU = Release|Any CPU
	EndGlobalSection
	GlobalSection(ProjectConfigurationPlatforms) = postSolution
		{EC8935D1-3159-4A10-95BF-9B0906248DEF}.Debug|Any CPU.ActiveCfg = Debug|Any CPU
		{EC8935D1-3159-4A10-95BF-9B0906248DEF}.Debug|Any CPU.Build.0 = Debug|Any CPU
		{EC8935D1-3159-4A10-95BF-9B0906248DEF}.Release|Any CPU.ActiveCfg = Release|Any CPU
		{EC8935D1-3159-4A10-95BF-9B0906248DEF}.Release|Any CPU.Build.0 = Release|Any CPU
		{AA5D5BF1-059A-4504-9BF0-64F9F157D4DB}.Debug|Any CPU.ActiveCfg = Debug|Any CPU
		{AA5D5BF1-059A-4504-9BF0-64F9F157D4DB}.Debug|Any CPU.Build.0 = Debug|Any CPU
		{AA5D5BF1-059A-4504-9BF0-64F9F157D4DB}.Release|Any CPU.ActiveCfg = Release|Any CPU
		{AA5D5BF1-059A-4504-9BF0-64F9F157D4DB}.Release|Any CPU.Build.0 = Release|Any CPU
		{A7BBFF0D-4891-4EEA-93A8-80071640B42A}.Debug|Any CPU.ActiveCfg = Debug|Any CPU
		{A7BBFF0D-4891-4EEA-93A8-80071640B42A}.Debug|Any CPU.Build.0 = Debug|Any CPU
		{A7BBFF0D-4891-4EEA-93A8-80071640B42A}.Release|Any CPU.ActiveCfg = Release|Any CPU
		{A7BBFF0D-4891-4EEA-93A8-80071640B42A}.Release|Any CPU.Build.0 = Release|Any CPU
		{0E248CC0-EF11-473D-BEBD-BF8AC7E92F27}.Debug|Any CPU.ActiveCfg = Debug|Any CPU
		{0E248CC0-EF11-473D-BEBD-BF8AC7E92F27}.Debug|Any CPU.Build.0 = Debug|Any CPU
		{0E248CC0-EF11-473D-BEBD-BF8AC7E92F27}.Release|Any CPU.ActiveCfg = Release|Any CPU
		{0E248CC0-EF11-473D-BEBD-BF8AC7E92F27}.Release|Any CPU.Build.0 = Release|Any CPU
	EndGlobalSection
	GlobalSection(SolutionProperties) = preSolution
		HideSolutionNode = FALSE
	EndGlobalSection
	GlobalSection(ExtensibilityGlobals) = postSolution
		SolutionGuid = {F56E215E-5981-43C8-9A11-08EA59967F6A}
	EndGlobalSection
EndGlobal
